
Microsoft Visual Studio Solution File, Format Version 12.00
# Visual Studio Version 17
VisualStudioVersion = 17.8.34511.84
MinimumVisualStudioVersion = 10.0.40219.1
Project("{9A19103F-16F7-4668-BE54-9A1E7A4F7556}") = "AmazonAPI", "AmazonAPI\AmazonAPI.csproj", "{EC4C46EB-721F-4D71-A27A-1A59DACAFA43}"
EndProject
Project("{FAE04EC0-301F-11D3-BF4B-00C04F79EFBC}") = "AmazonAPITest", "AmazonAPITest\AmazonAPITest.csproj", "{82042379-0C32-4ACA-8845-07064B734BC4}"
EndProject
Global
	GlobalSection(SolutionConfigurationPlatforms) = preSolution
		Debug|Any CPU = Debug|Any CPU
		Release|Any CPU = Release|Any CPU
	EndGlobalSection
	GlobalSection(ProjectConfigurationPlatforms) = postSolution
		{EC4C46EB-721F-4D71-A27A-1A59DACAFA43}.Debug|Any CPU.ActiveCfg = Debug|Any CPU
		{EC4C46EB-721F-4D71-A27A-1A59DACAFA43}.Debug|Any CPU.Build.0 = Debug|Any CPU
		{EC4C46EB-721F-4D71-A27A-1A59DACAFA43}.Release|Any CPU.ActiveCfg = Release|Any CPU
		{EC4C46EB-721F-4D71-A27A-1A59DACAFA43}.Release|Any CPU.Build.0 = Release|Any CPU
		{82042379-0C32-4ACA-8845-07064B734BC4}.Debug|Any CPU.ActiveCfg = Debug|Any CPU
		{82042379-0C32-4ACA-8845-07064B734BC4}.Debug|Any CPU.Build.0 = Debug|Any CPU
		{82042379-0C32-4ACA-8845-07064B734BC4}.Release|Any CPU.ActiveCfg = Release|Any CPU
		{82042379-0C32-4ACA-8845-07064B734BC4}.Release|Any CPU.Build.0 = Release|Any CPU
	EndGlobalSection
	GlobalSection(SolutionProperties) = preSolution
		HideSolutionNode = FALSE
	EndGlobalSection
	GlobalSection(ExtensibilityGlobals) = postSolution
		SolutionGuid = {2903D46A-6529-42F1-A288-49CC3092F49E}
	EndGlobalSection
EndGlobal
